
Microsoft Visual Studio Solution File, Format Version 12.00
# Visual Studio Version 16
VisualStudioVersion = 16.0.30114.105
MinimumVisualStudioVersion = 10.0.40219.1
Project("{9A19103F-16F7-4668-BE54-9A1E7A4F7556}") = "RestApiASP", "RestApiASP\RestApiASP.csproj", "{2C3B9221-535B-428D-AB54-A9584F758C29}"
EndProject
Global
	GlobalSection(SolutionConfigurationPlatforms) = preSolution
		Debug|Any CPU = Debug|Any CPU
		Release|Any CPU = Release|Any CPU
	EndGlobalSection
	GlobalSection(ProjectConfigurationPlatforms) = postSolution
		{2C3B9221-535B-428D-AB54-A9584F758C29}.Debug|Any CPU.ActiveCfg = Debug|Any CPU
		{2C3B9221-535B-428D-AB54-A9584F758C29}.Debug|Any CPU.Build.0 = Debug|Any CPU
		{2C3B9221-535B-428D-AB54-A9584F758C29}.Release|Any CPU.ActiveCfg = Release|Any CPU
		{2C3B9221-535B-428D-AB54-A9584F758C29}.Release|Any CPU.Build.0 = Release|Any CPU
	EndGlobalSection
	GlobalSection(SolutionProperties) = preSolution
		HideSolutionNode = FALSE
	EndGlobalSection
	GlobalSection(ExtensibilityGlobals) = postSolution
		SolutionGuid = {891DCF4D-FC8C-4286-8B5A-73798C58C41C}
	EndGlobalSection
EndGlobal
